
Microsoft Visual Studio Solution File, Format Version 11.00
# Visual Studio 2010
Project("{FAE04EC0-301F-11D3-BF4B-00C04F79EFBC}") = "Assembly-CSharp", "Assembly-CSharp.csproj", "{20ACC16A-86BC-FEEB-7759-4FE2D6427FD9}"
EndProject
Project("{FAE04EC0-301F-11D3-BF4B-00C04F79EFBC}") = "Assembly-CSharp-firstpass", "Assembly-CSharp-firstpass.csproj", "{26BF5DF2-B732-5D80-92A3-283401F41D03}"
EndProject
Project("{FAE04EC0-301F-11D3-BF4B-00C04F79EFBC}") = "Assembly-CSharp-Editor", "Assembly-CSharp-Editor.csproj", "{CC0028BA-2CCF-F846-02D3-D9AABD3317FD}"
EndProject
Global
	GlobalSection(SolutionConfigurationPlatforms) = preSolution
		Debug|Any CPU = Debug|Any CPU
		Release|Any CPU = Release|Any CPU
	EndGlobalSection
	GlobalSection(ProjectConfigurationPlatforms) = postSolution
		{20ACC16A-86BC-FEEB-7759-4FE2D6427FD9}.Debug|Any CPU.ActiveCfg = Debug|Any CPU
		{20ACC16A-86BC-FEEB-7759-4FE2D6427FD9}.Debug|Any CPU.Build.0 = Debug|Any CPU
		{20ACC16A-86BC-FEEB-7759-4FE2D6427FD9}.Release|Any CPU.ActiveCfg = Release|Any CPU
		{20ACC16A-86BC-FEEB-7759-4FE2D6427FD9}.Release|Any CPU.Build.0 = Release|Any CPU
		{26BF5DF2-B732-5D80-92A3-283401F41D03}.Debug|Any CPU.ActiveCfg = Debug|Any CPU
		{26BF5DF2-B732-5D80-92A3-283401F41D03}.Debug|Any CPU.Build.0 = Debug|Any CPU
		{26BF5DF2-B732-5D80-92A3-283401F41D03}.Release|Any CPU.ActiveCfg = Release|Any CPU
		{26BF5DF2-B732-5D80-92A3-283401F41D03}.Release|Any CPU.Build.0 = Release|Any CPU
		{CC0028BA-2CCF-F846-02D3-D9AABD3317FD}.Debug|Any CPU.ActiveCfg = Debug|Any CPU
		{CC0028BA-2CCF-F846-02D3-D9AABD3317FD}.Debug|Any CPU.Build.0 = Debug|Any CPU
		{CC0028BA-2CCF-F846-02D3-D9AABD3317FD}.Release|Any CPU.ActiveCfg = Release|Any CPU
		{CC0028BA-2CCF-F846-02D3-D9AABD3317FD}.Release|Any CPU.Build.0 = Release|Any CPU
	EndGlobalSection
	GlobalSection(SolutionProperties) = preSolution
		HideSolutionNode = FALSE
	EndGlobalSection
	GlobalSection(MonoDevelopProperties) = preSolution
		StartupItem = Assembly-CSharp.csproj
	EndGlobalSection
EndGlobal
